Microsoft Visual Studio Solution File, Format Version 12.00
# Visual Studio Version 17
VisualStudioVersion = 17.5.2.0
MinimumVisualStudioVersion = 10.0.40219.1
Project("{FAE04EC0-301F-11D3-BF4B-00C04F79EFBC}") = "vimeo-server", "vimeo-server\vimeo-server.csproj", "{2EEFBFB6-D8CF-8077-44EF-3467C4A206A4}"
EndProject
Global
	GlobalSection(SolutionConfigurationPlatforms) = preSolution
		Debug|Any CPU = Debug|Any CPU
		Release|Any CPU = Release|Any CPU
	EndGlobalSection
	GlobalSection(ProjectConfigurationPlatforms) = postSolution
		{2EEFBFB6-D8CF-8077-44EF-3467C4A206A4}.Debug|Any CPU.ActiveCfg = Debug|Any CPU
		{2EEFBFB6-D8CF-8077-44EF-3467C4A206A4}.Debug|Any CPU.Build.0 = Debug|Any CPU
		{2EEFBFB6-D8CF-8077-44EF-3467C4A206A4}.Release|Any CPU.ActiveCfg = Release|Any CPU
		{2EEFBFB6-D8CF-8077-44EF-3467C4A206A4}.Release|Any CPU.Build.0 = Release|Any CPU
	EndGlobalSection
	GlobalSection(SolutionProperties) = preSolution
		HideSolutionNode = FALSE
	EndGlobalSection
	GlobalSection(ExtensibilityGlobals) = postSolution
		SolutionGuid = {0A03B52F-D4F1-42CF-A094-B94657D9BA33}
	EndGlobalSection
EndGlobal
